{
  "name": "@ng-dashboard/core",
  "version": "1.0.354",
  "lockfileVersion": 1,
  "requires": true,
  "dependencies": {
    "@ngrx/core": {
      "version": "1.2.0",
      "resolved": "https://registry.npmjs.org/@ngrx/core/-/core-1.2.0.tgz",
      "integrity": "sha1-iCtGq6+i4ObYh8txobLC+j5tDcY="
    },
    "@ngrx/store": {
      "version": "8.6.0",
      "resolved": "https://registry.npmjs.org/@ngrx/store/-/store-8.6.0.tgz",
      "integrity": "sha512-K4cvCEa+5hw9qrETQWO+Cha3YbVCAT8yaIKJr/N35KntTL9mQMjoL+51JWLZfBwPV0e19CFgJIyrBnVUTxwr2A=="
    },
    "@ngx-translate/core": {
      "version": "11.0.1",
      "resolved": "https://registry.npmjs.org/@ngx-translate/core/-/core-11.0.1.tgz",
      "integrity": "sha512-nBCa1ZD9fAUY/3eskP3Lql2fNg8OMrYIej1/5GRsfcutx9tG/5fZLCv9m6UCw1aS+u4uK/vXjv1ctG/FdMvaWg==",
      "requires": {
        "tslib": "^1.9.0"
      }
    },
    "@types/pdfjs-dist": {
      "version": "2.1.4",
      "resolved": "https://registry.npmjs.org/@types/pdfjs-dist/-/pdfjs-dist-2.1.4.tgz",
      "integrity": "sha512-KnEc8W2IcntVL/SKfRWy2lcJax07xEaO7ghcT0/hc2Lp5UOcmaXAi887RKOLhP8BLKsVGJ7uYH0mYo1uSvbu2A=="
    },
    "bootstrap": {
      "version": "4.5.0",
      "resolved": "https://registry.npmjs.org/bootstrap/-/bootstrap-4.5.0.tgz",
      "integrity": "sha512-Z93QoXvodoVslA+PWNdk23Hze4RBYIkpb5h8I2HY2Tu2h7A0LpAgLcyrhrSUyo2/Oxm2l1fRZPs1e5hnxnliXA=="
    },
    "can-use-dom": {
      "version": "0.1.0",
      "resolved": "https://registry.npmjs.org/can-use-dom/-/can-use-dom-0.1.0.tgz",
      "integrity": "sha1-IsxKNKCrxDlQ9CxkEQJKP2NmtFo="
    },
    "core-js": {
      "version": "3.6.0",
      "resolved": "https://registry.npmjs.org/core-js/-/core-js-3.6.0.tgz",
      "integrity": "sha512-AHPTNKzyB+YwgDWoSOCaid9PUSEF6781vsfiK8qUz62zRR448/XgK2NtCbpiUGizbep8Lrpt0Du19PpGGZvw3Q=="
    },
    "hammerjs": {
      "version": "2.0.8",
      "resolved": "https://registry.npmjs.org/hammerjs/-/hammerjs-2.0.8.tgz",
      "integrity": "sha1-BO93hiz/K7edMPdpIJWTAiK/YPE=",
      "optional": true
    },
    "invariant": {
      "version": "2.2.4",
      "resolved": "https://registry.npmjs.org/invariant/-/invariant-2.2.4.tgz",
      "integrity": "sha512-phJfQVBuaJM5raOpJjSfkiD6BpbCE4Ns//LaXl6wGYtUBY83nWS6Rf9tXm2e8VaK60JEjYldbPif/A2B1C2gNA==",
      "requires": {
        "loose-envify": "^1.0.0"
      }
    },
    "js-tokens": {
      "version": "4.0.0",
      "resolved": "https://registry.npmjs.org/js-tokens/-/js-tokens-4.0.0.tgz",
      "integrity": "sha512-RdJUflcE3cUzKiMqQgsCu06FPu9UdIJO0beYbPhHN4k6apgJtifcoCtT9bcxOpYBtpD2kCM6Sbzg4CausW/PKQ=="
    },
    "lodash": {
      "version": "4.17.19",
      "resolved": "https://registry.npmjs.org/lodash/-/lodash-4.17.19.tgz",
      "integrity": "sha512-JNvd8XER9GQX0v2qJgsaN/mzFCNA5BRe/j8JN9d+tWyGLSodKQHKFicdwNYzWwI3wjRnaKPsGj1XkBjx/F96DQ=="
    },
    "lodash.debounce": {
      "version": "4.0.8",
      "resolved": "https://registry.npmjs.org/lodash.debounce/-/lodash.debounce-4.0.8.tgz",
      "integrity": "sha1-gteb/zCmfEAF/9XiUVMArZyk168="
    },
    "lodash.memoize": {
      "version": "4.1.2",
      "resolved": "https://registry.npmjs.org/lodash.memoize/-/lodash.memoize-4.1.2.tgz",
      "integrity": "sha1-vMbEmkKihA7Zl/Mj6tpezRguC/4="
    },
    "lodash.throttle": {
      "version": "4.1.1",
      "resolved": "https://registry.npmjs.org/lodash.throttle/-/lodash.throttle-4.1.1.tgz",
      "integrity": "sha1-wj6RtxAkKscMN/HhzaknTMOb8vQ="
    },
    "loose-envify": {
      "version": "1.4.0",
      "resolved": "https://registry.npmjs.org/loose-envify/-/loose-envify-1.4.0.tgz",
      "integrity": "sha512-lyuxPGr/Wfhrlem2CL/UcnUc1zcqKAImBDzukY7Y5F/yQiNdko6+fRLevlw1HgMySw7f611UIY408EtxRSoK3Q==",
      "requires": {
        "js-tokens": "^3.0.0 || ^4.0.0"
      }
    },
    "lottie-web": {
      "version": "5.6.7",
      "resolved": "https://registry.npmjs.org/lottie-web/-/lottie-web-5.6.7.tgz",
      "integrity": "sha512-ckdo2Myr4iv0nZ+ENwAN3NIsL6QsNLDWW1l52/rjpsDOVFO4iSVNgupYZXWrvsNcLWofoS9oeP8HgX7AGQY8DQ=="
    },
    "ng-media": {
      "version": "1.0.12",
      "resolved": "https://registry.npmjs.org/ng-media/-/ng-media-1.0.12.tgz",
      "integrity": "sha512-DogsulaQ4iQWo3T+aewyhBCEv0MBHQ5LuzgtGnmKgoclE0FANMU0IHj9FgkhVN6SzSgGQ54ZnVyBeXa/r1Xe0A==",
      "requires": {
        "ng2-pdf-viewer": "6.0.2",
        "response-type": "1.0.3",
        "tslib": "^1.9.0"
      },
      "dependencies": {
        "response-type": {
          "version": "1.0.3",
          "resolved": "https://registry.npmjs.org/response-type/-/response-type-1.0.3.tgz",
          "integrity": "sha512-wnMqcKwgqlFu6jD1fw/cANyu7lIVVt+lAjB8N4HqvMea6X4dI1+jvH0tAUtXGyt1BY/I9+ncI+P5q4qKOxh52Q=="
        }
      }
    },
    "ng2-pdf-viewer": {
      "version": "6.0.2",
      "resolved": "https://registry.npmjs.org/ng2-pdf-viewer/-/ng2-pdf-viewer-6.0.2.tgz",
      "integrity": "sha512-JlK3Yc/JtwrdULrwnoLrsPTC+Tiq3qU/wbqn4Wkn713M80DRPYBCOs7+DbvnKULOFegpWyBtv0XcjxHaeOpBSg==",
      "requires": {
        "@types/pdfjs-dist": "^2.1.0",
        "pdfjs-dist": "^2.2.228",
        "tslib": "^1.9.0"
      }
    },
    "ngx-currency": {
      "version": "2.2.2",
      "resolved": "https://registry.npmjs.org/ngx-currency/-/ngx-currency-2.2.2.tgz",
      "integrity": "sha512-adOqNkyqfmQxxYCSSpxKhKiEBiImHqkaaxfVMHjYq4sEJnbYl8WV7cgXuqaCPcUEHrUEp9Zhr4p5rPz4Bs5Z6g==",
      "requires": {
        "tslib": "^1.9.0"
      }
    },
    "ngx-image-cropper": {
      "version": "3.1.5",
      "resolved": "https://registry.npmjs.org/ngx-image-cropper/-/ngx-image-cropper-3.1.5.tgz",
      "integrity": "sha512-KPNAWDU5pHLBSZr3yHY/y5H0ooa3HohfcxLVrGn3yDoHz45ryESAw0sdCsMlV4R/UxO+wZdiBGRKYhkMrKzV/Q==",
      "requires": {
        "hammerjs": "^2.0.8",
        "tslib": "^1.9.0"
      }
    },
    "ngx-lottie": {
      "version": "5.3.2",
      "resolved": "https://registry.npmjs.org/ngx-lottie/-/ngx-lottie-5.3.2.tgz",
      "integrity": "sha512-ghag9Twj7XIniN9BnpAJlERaAPkAkUHK4ePiU4w/zHKuIgVD8ngeqCQfB9LCCHmD5XzWSF/+y6YalIdWGJXnvQ=="
    },
    "ngx-universal-cookies": {
      "version": "8.0.1",
      "resolved": "https://registry.npmjs.org/ngx-universal-cookies/-/ngx-universal-cookies-8.0.1.tgz",
      "integrity": "sha512-wh03F8uhRh7kGSGirxH/AgyW61w5W4a7xG2Ut1Xj59u8jdAF75NTXZglkEIPWZdW/Nes+n3Xt+kK3DvP63xwng=="
    },
    "pdfjs-dist": {
      "version": "2.4.456",
      "resolved": "https://registry.npmjs.org/pdfjs-dist/-/pdfjs-dist-2.4.456.tgz",
      "integrity": "sha512-yckJEHq3F48hcp6wStEpbN9McOj328Ib09UrBlGAKxvN2k+qYPN5iq6TH6jD1C0pso7zTep+g/CKsYgdrQd5QA=="
    },
    "resize-observer-polyfill": {
      "version": "1.5.1",
      "resolved": "https://registry.npmjs.org/resize-observer-polyfill/-/resize-observer-polyfill-1.5.1.tgz",
      "integrity": "sha512-LwZrotdHOo12nQuZlHEmtuXdqGoOD0OhaxopaNFxWzInpEgaLWoVuAMbTzixuosCx2nEG58ngzW3vxdWoxIgdg=="
    },
    "response-type": {
      "version": "1.1.5",
      "resolved": "https://registry.npmjs.org/response-type/-/response-type-1.1.5.tgz",
      "integrity": "sha512-4IR9MFZI0J4itIEVw5BzlPOocEov1uqRtthdU5HEYbadYcmhA4dLcs4UPYvoXbnnQs88RHS2xgYTCC3zG5wGig=="
    },
    "rxjs-compat": {
      "version": "6.5.4",
      "resolved": "https://registry.npmjs.org/rxjs-compat/-/rxjs-compat-6.5.4.tgz",
      "integrity": "sha512-rkn+lbOHUQOurdd74J/hjmDsG9nFx0z66fvnbs8M95nrtKvNqCKdk7iZqdY51CGmDemTQk+kUPy4s8HVOHtkfA=="
    },
    "sass-material-colors": {
      "version": "0.0.5",
      "resolved": "https://registry.npmjs.org/sass-material-colors/-/sass-material-colors-0.0.5.tgz",
      "integrity": "sha1-uURTkjbJTi1OzjXS7j+iLxCy7UM="
    },
    "simplebar": {
      "version": "5.1.0",
      "resolved": "https://registry.npmjs.org/simplebar/-/simplebar-5.1.0.tgz",
      "integrity": "sha512-bdi1SleK1YOSnfeUjo5UQXt/79zNjsCJVEfzrm6photmGi2aU6x0l7rX4KAGcrtj5AwsWPBVXgDyYAqbbpnuRg==",
      "requires": {
        "can-use-dom": "^0.1.0",
        "core-js": "^3.0.1",
        "lodash.debounce": "^4.0.8",
        "lodash.memoize": "^4.1.2",
        "lodash.throttle": "^4.1.1",
        "resize-observer-polyfill": "^1.5.1"
      }
    },
    "tslib": {
      "version": "1.9.3",
      "resolved": "https://registry.npmjs.org/tslib/-/tslib-1.9.3.tgz",
      "integrity": "sha512-4krF8scpejhaOgqzBEcGM7yDIEfi0/8+8zDRZhNZZ2kjmHJ4hv3zCbQWxoJGz1iw5U0Jl0nma13xzHXcncMavQ=="
    },
    "url-matcher": {
      "version": "0.2.2",
      "resolved": "https://registry.npmjs.org/url-matcher/-/url-matcher-0.2.2.tgz",
      "integrity": "sha1-cCZwFQVpBj1Lo5q9fsrQrU3D2pM=",
      "requires": {
        "invariant": "^2.0.0"
      }
    }
  }
}
